
Microsoft Visual Studio Solution File, Format Version 12.00
# Visual Studio 15
Project("{FAE04EC0-301F-11D3-BF4B-00C04F79EFBC}") = "UnityEngine.UI", "UnityEngine.UI.csproj", "{1E9EDB73-ACE2-0CD4-AB9A-756FCA5A1770}"
EndProject
Project("{FAE04EC0-301F-11D3-BF4B-00C04F79EFBC}") = "Assembly-CSharp", "Assembly-CSharp.csproj", "{739C3FA7-0F7E-91FB-2B91-8B6C4F1912AD}"
EndProject
Project("{FAE04EC0-301F-11D3-BF4B-00C04F79EFBC}") = "Unity.2D.Sprite.Editor", "Unity.2D.Sprite.Editor.csproj", "{BB23A890-6B84-2FF6-A5CC-D78D381FDB29}"
EndProject
Project("{FAE04EC0-301F-11D3-BF4B-00C04F79EFBC}") = "UnityEditor.UI", "UnityEditor.UI.csproj", "{51FC92E9-B785-D37B-88D4-2D6A42A8CD29}"
EndProject
Project("{FAE04EC0-301F-11D3-BF4B-00C04F79EFBC}") = "Unity.2D.Tilemap.Editor", "Unity.2D.Tilemap.Editor.csproj", "{1546CF7A-E11D-45CF-6977-C5720D7559B8}"
EndProject
Project("{FAE04EC0-301F-11D3-BF4B-00C04F79EFBC}") = "Assembly-CSharp-Editor", "Assembly-CSharp-Editor.csproj", "{BCFDDD78-AD3D-9988-6893-AC59176C59B6}"
EndProject
Global
	GlobalSection(SolutionConfigurationPlatforms) = preSolution
		Debug|Any CPU = Debug|Any CPU
		Release|Any CPU = Release|Any CPU
	EndGlobalSection
	GlobalSection(ProjectConfigurationPlatforms) = postSolution
		{1E9EDB73-ACE2-0CD4-AB9A-756FCA5A1770}.Debug|Any CPU.ActiveCfg = Debug|Any CPU
		{1E9EDB73-ACE2-0CD4-AB9A-756FCA5A1770}.Debug|Any CPU.Build.0 = Debug|Any CPU
		{1E9EDB73-ACE2-0CD4-AB9A-756FCA5A1770}.Release|Any CPU.ActiveCfg = Release|Any CPU
		{1E9EDB73-ACE2-0CD4-AB9A-756FCA5A1770}.Release|Any CPU.Build.0 = Release|Any CPU
		{739C3FA7-0F7E-91FB-2B91-8B6C4F1912AD}.Debug|Any CPU.ActiveCfg = Debug|Any CPU
		{739C3FA7-0F7E-91FB-2B91-8B6C4F1912AD}.Debug|Any CPU.Build.0 = Debug|Any CPU
		{739C3FA7-0F7E-91FB-2B91-8B6C4F1912AD}.Release|Any CPU.ActiveCfg = Release|Any CPU
		{739C3FA7-0F7E-91FB-2B91-8B6C4F1912AD}.Release|Any CPU.Build.0 = Release|Any CPU
		{BB23A890-6B84-2FF6-A5CC-D78D381FDB29}.Debug|Any CPU.ActiveCfg = Debug|Any CPU
		{BB23A890-6B84-2FF6-A5CC-D78D381FDB29}.Debug|Any CPU.Build.0 = Debug|Any CPU
		{BB23A890-6B84-2FF6-A5CC-D78D381FDB29}.Release|Any CPU.ActiveCfg = Release|Any CPU
		{BB23A890-6B84-2FF6-A5CC-D78D381FDB29}.Release|Any CPU.Build.0 = Release|Any CPU
		{51FC92E9-B785-D37B-88D4-2D6A42A8CD29}.Debug|Any CPU.ActiveCfg = Debug|Any CPU
		{51FC92E9-B785-D37B-88D4-2D6A42A8CD29}.Debug|Any CPU.Build.0 = Debug|Any CPU
		{51FC92E9-B785-D37B-88D4-2D6A42A8CD29}.Release|Any CPU.ActiveCfg = Release|Any CPU
		{51FC92E9-B785-D37B-88D4-2D6A42A8CD29}.Release|Any CPU.Build.0 = Release|Any CPU
		{1546CF7A-E11D-45CF-6977-C5720D7559B8}.Debug|Any CPU.ActiveCfg = Debug|Any CPU
		{1546CF7A-E11D-45CF-6977-C5720D7559B8}.Debug|Any CPU.Build.0 = Debug|Any CPU
		{1546CF7A-E11D-45CF-6977-C5720D7559B8}.Release|Any CPU.ActiveCfg = Release|Any CPU
		{1546CF7A-E11D-45CF-6977-C5720D7559B8}.Release|Any CPU.Build.0 = Release|Any CPU
		{BCFDDD78-AD3D-9988-6893-AC59176C59B6}.Debug|Any CPU.ActiveCfg = Debug|Any CPU
		{BCFDDD78-AD3D-9988-6893-AC59176C59B6}.Debug|Any CPU.Build.0 = Debug|Any CPU
		{BCFDDD78-AD3D-9988-6893-AC59176C59B6}.Release|Any CPU.ActiveCfg = Release|Any CPU
		{BCFDDD78-AD3D-9988-6893-AC59176C59B6}.Release|Any CPU.Build.0 = Release|Any CPU
	EndGlobalSection
	GlobalSection(SolutionProperties) = preSolution
		HideSolutionNode = FALSE
	EndGlobalSection
EndGlobal
